
Microsoft Visual Studio Solution File, Format Version 12.00
# Visual Studio Version 17
VisualStudioVersion = 17.2.32630.192
MinimumVisualStudioVersion = 10.0.40219.1
Project("{FAE04EC0-301F-11D3-BF4B-00C04F79EFBC}") = "ChatApplication", "ChatApplication\ChatApplication.csproj", "{64318C0B-4247-4733-85B9-75E168752493}"
EndProject
Global
	GlobalSection(SolutionConfigurationPlatforms) = preSolution
		Debug|Any CPU = Debug|Any CPU
		Release|Any CPU = Release|Any CPU
	EndGlobalSection
	GlobalSection(ProjectConfigurationPlatforms) = postSolution
		{64318C0B-4247-4733-85B9-75E168752493}.Debug|Any CPU.ActiveCfg = Debug|Any CPU
		{64318C0B-4247-4733-85B9-75E168752493}.Debug|Any CPU.Build.0 = Debug|Any CPU
		{64318C0B-4247-4733-85B9-75E168752493}.Release|Any CPU.ActiveCfg = Release|Any CPU
		{64318C0B-4247-4733-85B9-75E168752493}.Release|Any CPU.Build.0 = Release|Any CPU
	EndGlobalSection
	GlobalSection(SolutionProperties) = preSolution
		HideSolutionNode = FALSE
	EndGlobalSection
	GlobalSection(ExtensibilityGlobals) = postSolution
		SolutionGuid = {7CB3C220-3DE6-4D26-9771-A37771F89A58}
	EndGlobalSection
EndGlobal
